
Microsoft Visual Studio Solution File, Format Version 12.00
# Visual Studio 2012
Project("{8BC9CEB8-8B4A-11D0-8D11-00A0C91BC942}") = "Data Struction", "Data Struction\Data Struction.vcxproj", "{5CC4A7DD-508F-4DE0-A562-6B87C4C20E96}"
EndProject
Project("{8BC9CEB8-8B4A-11D0-8D11-00A0C91BC942}") = "StudInfoManaSys_1.0", "StudInfoManaSys_1.0\StudInfoManaSys_1.0.vcxproj", "{CEEFCD13-A89B-4D15-AAA2-3C887632971E}"
EndProject
Project("{8BC9CEB8-8B4A-11D0-8D11-00A0C91BC942}") = "List", "List\List.vcxproj", "{087BB511-5A84-44AF-A29A-A0FA95682006}"
EndProject
Project("{8BC9CEB8-8B4A-11D0-8D11-00A0C91BC942}") = "Array", "Array\Array.vcxproj", "{51E41D2B-4BC0-4707-A395-A6B52E93C57E}"
EndProject
Project("{8BC9CEB8-8B4A-11D0-8D11-00A0C91BC942}") = "Map(HashTable)", "Map(HashTable)\Map(HashTable).vcxproj", "{E749D1BD-0DFF-4EB6-87B0-1D13E6FED6E7}"
EndProject
Project("{8BC9CEB8-8B4A-11D0-8D11-00A0C91BC942}") = "Map(BinTree)", "Map(BinTree)\Map(BinTree).vcxproj", "{31B8F364-0F19-4731-BD3B-1494EEAC5FC5}"
EndProject
Project("{8BC9CEB8-8B4A-11D0-8D11-00A0C91BC942}") = "String", "String\String.vcxproj", "{491D6925-6024-4298-8E33-685916ABECA2}"
EndProject
Project("{8BC9CEB8-8B4A-11D0-8D11-00A0C91BC942}") = "StudInfoManaSys_1.5", "StudInfoManaSys_1.5\StudInfoManaSys_1.5.vcxproj", "{C9ECA457-2DBD-4170-A258-A9B803772050}"
EndProject
Project("{8BC9CEB8-8B4A-11D0-8D11-00A0C91BC942}") = "StudInfoManaSys_1.6", "StudInfoManaSys_1.6\StudInfoManaSys_1.6.vcxproj", "{51A6B05F-A013-4A55-BEBD-9E2FF1D4CB6C}"
EndProject
Project("{8BC9CEB8-8B4A-11D0-8D11-00A0C91BC942}") = "StudInfoManaSys_1.7", "StudInfoManaSys_1.7\StudInfoManaSys_1.7.vcxproj", "{D9A868EB-88B6-4313-A99E-933CF228661A}"
EndProject
Global
	GlobalSection(SolutionConfigurationPlatforms) = preSolution
		Debug|Win32 = Debug|Win32
		Release|Win32 = Release|Win32
	EndGlobalSection
	GlobalSection(ProjectConfigurationPlatforms) = postSolution
		{5CC4A7DD-508F-4DE0-A562-6B87C4C20E96}.Debug|Win32.ActiveCfg = Debug|Win32
		{5CC4A7DD-508F-4DE0-A562-6B87C4C20E96}.Debug|Win32.Build.0 = Debug|Win32
		{5CC4A7DD-508F-4DE0-A562-6B87C4C20E96}.Release|Win32.ActiveCfg = Release|Win32
		{5CC4A7DD-508F-4DE0-A562-6B87C4C20E96}.Release|Win32.Build.0 = Release|Win32
		{CEEFCD13-A89B-4D15-AAA2-3C887632971E}.Debug|Win32.ActiveCfg = Debug|Win32
		{CEEFCD13-A89B-4D15-AAA2-3C887632971E}.Debug|Win32.Build.0 = Debug|Win32
		{CEEFCD13-A89B-4D15-AAA2-3C887632971E}.Release|Win32.ActiveCfg = Release|Win32
		{CEEFCD13-A89B-4D15-AAA2-3C887632971E}.Release|Win32.Build.0 = Release|Win32
		{087BB511-5A84-44AF-A29A-A0FA95682006}.Debug|Win32.ActiveCfg = Debug|Win32
		{087BB511-5A84-44AF-A29A-A0FA95682006}.Debug|Win32.Build.0 = Debug|Win32
		{087BB511-5A84-44AF-A29A-A0FA95682006}.Release|Win32.ActiveCfg = Release|Win32
		{087BB511-5A84-44AF-A29A-A0FA95682006}.Release|Win32.Build.0 = Release|Win32
		{51E41D2B-4BC0-4707-A395-A6B52E93C57E}.Debug|Win32.ActiveCfg = Debug|Win32
		{51E41D2B-4BC0-4707-A395-A6B52E93C57E}.Debug|Win32.Build.0 = Debug|Win32
		{51E41D2B-4BC0-4707-A395-A6B52E93C57E}.Release|Win32.ActiveCfg = Release|Win32
		{51E41D2B-4BC0-4707-A395-A6B52E93C57E}.Release|Win32.Build.0 = Release|Win32
		{E749D1BD-0DFF-4EB6-87B0-1D13E6FED6E7}.Debug|Win32.ActiveCfg = Debug|Win32
		{E749D1BD-0DFF-4EB6-87B0-1D13E6FED6E7}.Debug|Win32.Build.0 = Debug|Win32
		{E749D1BD-0DFF-4EB6-87B0-1D13E6FED6E7}.Release|Win32.ActiveCfg = Release|Win32
		{E749D1BD-0DFF-4EB6-87B0-1D13E6FED6E7}.Release|Win32.Build.0 = Release|Win32
		{31B8F364-0F19-4731-BD3B-1494EEAC5FC5}.Debug|Win32.ActiveCfg = Debug|Win32
		{31B8F364-0F19-4731-BD3B-1494EEAC5FC5}.Debug|Win32.Build.0 = Debug|Win32
		{31B8F364-0F19-4731-BD3B-1494EEAC5FC5}.Release|Win32.ActiveCfg = Release|Win32
		{31B8F364-0F19-4731-BD3B-1494EEAC5FC5}.Release|Win32.Build.0 = Release|Win32
		{491D6925-6024-4298-8E33-685916ABECA2}.Debug|Win32.ActiveCfg = Debug|Win32
		{491D6925-6024-4298-8E33-685916ABECA2}.Debug|Win32.Build.0 = Debug|Win32
		{491D6925-6024-4298-8E33-685916ABECA2}.Release|Win32.ActiveCfg = Release|Win32
		{491D6925-6024-4298-8E33-685916ABECA2}.Release|Win32.Build.0 = Release|Win32
		{C9ECA457-2DBD-4170-A258-A9B803772050}.Debug|Win32.ActiveCfg = Debug|Win32
		{C9ECA457-2DBD-4170-A258-A9B803772050}.Debug|Win32.Build.0 = Debug|Win32
		{C9ECA457-2DBD-4170-A258-A9B803772050}.Release|Win32.ActiveCfg = Release|Win32
		{C9ECA457-2DBD-4170-A258-A9B803772050}.Release|Win32.Build.0 = Release|Win32
		{51A6B05F-A013-4A55-BEBD-9E2FF1D4CB6C}.Debug|Win32.ActiveCfg = Debug|Win32
		{51A6B05F-A013-4A55-BEBD-9E2FF1D4CB6C}.Debug|Win32.Build.0 = Debug|Win32
		{51A6B05F-A013-4A55-BEBD-9E2FF1D4CB6C}.Release|Win32.ActiveCfg = Release|Win32
		{51A6B05F-A013-4A55-BEBD-9E2FF1D4CB6C}.Release|Win32.Build.0 = Release|Win32
		{D9A868EB-88B6-4313-A99E-933CF228661A}.Debug|Win32.ActiveCfg = Debug|Win32
		{D9A868EB-88B6-4313-A99E-933CF228661A}.Debug|Win32.Build.0 = Debug|Win32
		{D9A868EB-88B6-4313-A99E-933CF228661A}.Release|Win32.ActiveCfg = Release|Win32
		{D9A868EB-88B6-4313-A99E-933CF228661A}.Release|Win32.Build.0 = Release|Win32
	EndGlobalSection
	GlobalSection(SolutionProperties) = preSolution
		HideSolutionNode = FALSE
	EndGlobalSection
EndGlobal
