
Microsoft Visual Studio Solution File, Format Version 12.00
# Visual Studio 2012
Project("{8BC9CEB8-8B4A-11D0-8D11-00A0C91BC942}") = "Multi_Thread_Client", "Multi_Thread_Client\Multi_Thread_Client.vcxproj", "{426DBD3F-5436-46D6-A8ED-F80C1698F20B}"
EndProject
Global
	GlobalSection(SolutionConfigurationPlatforms) = preSolution
		Debug|Win32 = Debug|Win32
		Release|Win32 = Release|Win32
	EndGlobalSection
	GlobalSection(ProjectConfigurationPlatforms) = postSolution
		{426DBD3F-5436-46D6-A8ED-F80C1698F20B}.Debug|Win32.ActiveCfg = Debug|Win32
		{426DBD3F-5436-46D6-A8ED-F80C1698F20B}.Debug|Win32.Build.0 = Debug|Win32
		{426DBD3F-5436-46D6-A8ED-F80C1698F20B}.Release|Win32.ActiveCfg = Release|Win32
		{426DBD3F-5436-46D6-A8ED-F80C1698F20B}.Release|Win32.Build.0 = Release|Win32
	EndGlobalSection
	GlobalSection(SolutionProperties) = preSolution
		HideSolutionNode = FALSE
	EndGlobalSection
EndGlobal
